
Microsoft Visual Studio Solution File, Format Version 12.00
# Visual Studio 15
VisualStudioVersion = 15.0.27130.2036
MinimumVisualStudioVersion = 10.0.40219.1
Project("{FAE04EC0-301F-11D3-BF4B-00C04F79EFBC}") = "DevoirSNCF_Ivan_Naluzhnyi", "DevoirSNCF_Ivan_Naluzhnyi\DevoirSNCF_Ivan_Naluzhnyi.csproj", "{A8484356-AC56-41CE-A0FB-3A687F63446D}"
EndProject
Global
	GlobalSection(SolutionConfigurationPlatforms) = preSolution
		Debug|Any CPU = Debug|Any CPU
		Release|Any CPU = Release|Any CPU
	EndGlobalSection
	GlobalSection(ProjectConfigurationPlatforms) = postSolution
		{A8484356-AC56-41CE-A0FB-3A687F63446D}.Debug|Any CPU.ActiveCfg = Debug|Any CPU
		{A8484356-AC56-41CE-A0FB-3A687F63446D}.Debug|Any CPU.Build.0 = Debug|Any CPU
		{A8484356-AC56-41CE-A0FB-3A687F63446D}.Debug|Any CPU.Deploy.0 = Debug|Any CPU
		{A8484356-AC56-41CE-A0FB-3A687F63446D}.Release|Any CPU.ActiveCfg = Release|Any CPU
		{A8484356-AC56-41CE-A0FB-3A687F63446D}.Release|Any CPU.Build.0 = Release|Any CPU
		{A8484356-AC56-41CE-A0FB-3A687F63446D}.Release|Any CPU.Deploy.0 = Release|Any CPU
	EndGlobalSection
	GlobalSection(SolutionProperties) = preSolution
		HideSolutionNode = FALSE
	EndGlobalSection
	GlobalSection(ExtensibilityGlobals) = postSolution
		SolutionGuid = {44582110-1FBD-419C-A3AC-816CD907C036}
	EndGlobalSection
EndGlobal
